// !$*UTF8*$!
{
	archiveVersion = 1;
	classes = {
	};
	objectVersion = 50;
	objects = {

/* Begin PBXBuildFile section */
		7F085E8321A7F99A0072ACDC /* AppDelegate.swift in Sources */ = {isa = PBXBuildFile; fileRef = 7F085E8221A7F99A0072ACDC /* AppDelegate.swift */; };
		7F085E8521A7F99A0072ACDC /* DetailVC.swift in Sources */ = {isa = PBXBuildFile; fileRef = 7F085E8421A7F99A0072ACDC /* DetailVC.swift */; };
		7F085E8A21A7F99B0072ACDC /* Assets.xcassets in Resources */ = {isa = PBXBuildFile; fileRef = 7F085E8921A7F99B0072ACDC /* Assets.xcassets */; };
		7F085E8D21A7F99B0072ACDC /* LaunchScreen.storyboard in Resources */ = {isa = PBXBuildFile; fileRef = 7F085E8B21A7F99B0072ACDC /* LaunchScreen.storyboard */; };
		7F085EB721A81ED90072ACDC /* EventosTVC.swift in Sources */ = {isa = PBXBuildFile; fileRef = 7F085EB621A81ED90072ACDC /* EventosTVC.swift */; };
		7F085EB921A81F0B0072ACDC /* MisEntradasTVC.swift in Sources */ = {isa = PBXBuildFile; fileRef = 7F085EB821A81F0B0072ACDC /* MisEntradasTVC.swift */; };
		7F3D509221B561E100FC4F16 /* CompraVC.swift in Sources */ = {isa = PBXBuildFile; fileRef = 7F3D509121B561E100FC4F16 /* CompraVC.swift */; };
		7FC9F5A521AEA5F70078EE4A /* Evento.swift in Sources */ = {isa = PBXBuildFile; fileRef = 7FC9F5A421AEA5F60078EE4A /* Evento.swift */; };
		7FC9F5A721AEAE590078EE4A /* EntradasTVCell.swift in Sources */ = {isa = PBXBuildFile; fileRef = 7FC9F5A621AEAE590078EE4A /* EntradasTVCell.swift */; };
		7FFF97BF21AC2C2900CB693A /* Main.storyboard in Resources */ = {isa = PBXBuildFile; fileRef = 7FFF97BD21AC2C2900CB693A /* Main.storyboard */; };
		7FFF97C321AC2DF200CB693A /* EventosTVCell.swift in Sources */ = {isa = PBXBuildFile; fileRef = 7FFF97C221AC2DF200CB693A /* EventosTVCell.swift */; };
		7FFF97C521AC303C00CB693A /* Entrada.swift in Sources */ = {isa = PBXBuildFile; fileRef = 7FFF97C421AC303C00CB693A /* Entrada.swift */; };
/* End PBXBuildFile section */

/* Begin PBXFileReference section */
		7F085E7F21A7F99A0072ACDC /* VentaDeEntradas.app */ = {isa = PBXFileReference; explicitFileType = wrapper.application; includeInIndex = 0; path = VentaDeEntradas.app; sourceTree = BUILT_PRODUCTS_DIR; };
		7F085E8221A7F99A0072ACDC /* AppDelegate.swift */ = {isa = PBXFileReference; lastKnownFileType = sourcecode.swift; path = AppDelegate.swift; sourceTree = "<group>"; };
		7F085E8421A7F99A0072ACDC /* DetailVC.swift */ = {isa = PBXFileReference; lastKnownFileType = sourcecode.swift; path = DetailVC.swift; sourceTree = "<group>"; };
		7F085E8921A7F99B0072ACDC /* Assets.xcassets */ = {isa = PBXFileReference; lastKnownFileType = folder.assetcatalog; path = Assets.xcassets; sourceTree = "<group>"; };
		7F085E8C21A7F99B0072ACDC /* Base */ = {isa = PBXFileReference; lastKnownFileType = file.storyboard; name = Base; path = Base.lproj/LaunchScreen.storyboard; sourceTree = "<group>"; };
		7F085E8E21A7F99B0072ACDC /* Info.plist */ = {isa = PBXFileReference; lastKnownFileType = text.plist.xml; path = Info.plist; sourceTree = "<group>"; };
		7F085EB621A81ED90072ACDC /* EventosTVC.swift */ = {isa = PBXFileReference; lastKnownFileType = sourcecode.swift; path = EventosTVC.swift; sourceTree = "<group>"; };
		7F085EB821A81F0B0072ACDC /* MisEntradasTVC.swift */ = {isa = PBXFileReference; lastKnownFileType = sourcecode.swift; path = MisEntradasTVC.swift; sourceTree = "<group>"; };
		7F3D509121B561E100FC4F16 /* CompraVC.swift */ = {isa = PBXFileReference; lastKnownFileType = sourcecode.swift; path = CompraVC.swift; sourceTree = "<group>"; };
		7FC9F5A421AEA5F60078EE4A /* Evento.swift */ = {isa = PBXFileReference; lastKnownFileType = sourcecode.swift; path = Evento.swift; sourceTree = "<group>"; };
		7FC9F5A621AEAE590078EE4A /* EntradasTVCell.swift */ = {isa = PBXFileReference; lastKnownFileType = sourcecode.swift; path = EntradasTVCell.swift; sourceTree = "<group>"; };
		7FFF97BE21AC2C2900CB693A /* Base */ = {isa = PBXFileReference; lastKnownFileType = file.storyboard; name = Base; path = Base.lproj/Main.storyboard; sourceTree = "<group>"; };
		7FFF97C221AC2DF200CB693A /* EventosTVCell.swift */ = {isa = PBXFileReference; fileEncoding = 4; lastKnownFileType = sourcecode.swift; path = EventosTVCell.swift; sourceTree = "<group>"; };
		7FFF97C421AC303C00CB693A /* Entrada.swift */ = {isa = PBXFileReference; lastKnownFileType = sourcecode.swift; path = Entrada.swift; sourceTree = "<group>"; };
/* End PBXFileReference section */

/* Begin PBXFrameworksBuildPhase section */
		7F085E7C21A7F99A0072ACDC /* Frameworks */ = {
			isa = PBXFrameworksBuildPhase;
			buildActionMask = 2147483647;
			files = (
			);
			runOnlyForDeploymentPostprocessing = 0;
		};
/* End PBXFrameworksBuildPhase section */

/* Begin PBXGroup section */
		7F085E7621A7F99A0072ACDC = {
			isa = PBXGroup;
			children = (
				7F085E8121A7F99A0072ACDC /* VentaDeEntradas */,
				7F085E8021A7F99A0072ACDC /* Products */,
			);
			sourceTree = "<group>";
		};
		7F085E8021A7F99A0072ACDC /* Products */ = {
			isa = PBXGroup;
			children = (
				7F085E7F21A7F99A0072ACDC /* VentaDeEntradas.app */,
			);
			name = Products;
			sourceTree = "<group>";
		};
		7F085E8121A7F99A0072ACDC /* VentaDeEntradas */ = {
			isa = PBXGroup;
			children = (
				7F085E8221A7F99A0072ACDC /* AppDelegate.swift */,
				7FC9F5A421AEA5F60078EE4A /* Evento.swift */,
				7F085EB621A81ED90072ACDC /* EventosTVC.swift */,
				7FFF97C221AC2DF200CB693A /* EventosTVCell.swift */,
				7FFF97C421AC303C00CB693A /* Entrada.swift */,
				7F3D509121B561E100FC4F16 /* CompraVC.swift */,
				7F085EB821A81F0B0072ACDC /* MisEntradasTVC.swift */,
				7FC9F5A621AEAE590078EE4A /* EntradasTVCell.swift */,
				7F085E8421A7F99A0072ACDC /* DetailVC.swift */,
				7FFF97BD21AC2C2900CB693A /* Main.storyboard */,
				7F085E8921A7F99B0072ACDC /* Assets.xcassets */,
				7F085E8B21A7F99B0072ACDC /* LaunchScreen.storyboard */,
				7F085E8E21A7F99B0072ACDC /* Info.plist */,
			);
			path = VentaDeEntradas;
			sourceTree = "<group>";
		};
/* End PBXGroup section */

/* Begin PBXNativeTarget section */
		7F085E7E21A7F99A0072ACDC /* VentaDeEntradas */ = {
			isa = PBXNativeTarget;
			buildConfigurationList = 7F085E9121A7F99B0072ACDC /* Build configuration list for PBXNativeTarget "VentaDeEntradas" */;
			buildPhases = (
				7F085E7B21A7F99A0072ACDC /* Sources */,
				7F085E7C21A7F99A0072ACDC /* Frameworks */,
				7F085E7D21A7F99A0072ACDC /* Resources */,
			);
			buildRules = (
			);
			dependencies = (
			);
			name = VentaDeEntradas;
			productName = VentaDeEntradas;
			productReference = 7F085E7F21A7F99A0072ACDC /* VentaDeEntradas.app */;
			productType = "com.apple.product-type.application";
		};
/* End PBXNativeTarget section */

/* Begin PBXProject section */
		7F085E7721A7F99A0072ACDC /* Project object */ = {
			isa = PBXProject;
			attributes = {
				LastSwiftUpdateCheck = 0940;
				LastUpgradeCheck = 0940;
				ORGANIZATIONNAME = alumnos;
				TargetAttributes = {
					7F085E7E21A7F99A0072ACDC = {
						CreatedOnToolsVersion = 9.4.1;
					};
				};
			};
			buildConfigurationList = 7F085E7A21A7F99A0072ACDC /* Build configuration list for PBXProject "VentaDeEntradas" */;
			compatibilityVersion = "Xcode 9.3";
			developmentRegion = en;
			hasScannedForEncodings = 0;
			knownRegions = (
				en,
				Base,
			);
			mainGroup = 7F085E7621A7F99A0072ACDC;
			productRefGroup = 7F085E8021A7F99A0072ACDC /* Products */;
			projectDirPath = "";
			projectRoot = "";
			targets = (
				7F085E7E21A7F99A0072ACDC /* VentaDeEntradas */,
			);
		};
/* End PBXProject section */

/* Begin PBXResourcesBuildPhase section */
		7F085E7D21A7F99A0072ACDC /* Resources */ = {
			isa = PBXResourcesBuildPhase;
			buildActionMask = 2147483647;
			files = (
				7FFF97BF21AC2C2900CB693A /* Main.storyboard in Resources */,
				7F085E8D21A7F99B0072ACDC /* LaunchScreen.storyboard in Resources */,
				7F085E8A21A7F99B0072ACDC /* Assets.xcassets in Resources */,
			);
			runOnlyForDeploymentPostprocessing = 0;
		};
/* End PBXResourcesBuildPhase section */

/* Begin PBXSourcesBuildPhase section */
		7F085E7B21A7F99A0072ACDC /* Sources */ = {
			isa = PBXSourcesBuildPhase;
			buildActionMask = 2147483647;
			files = (
				7F3D509221B561E100FC4F16 /* CompraVC.swift in Sources */,
				7F085E8521A7F99A0072ACDC /* DetailVC.swift in Sources */,
				7F085EB721A81ED90072ACDC /* EventosTVC.swift in Sources */,
				7F085E8321A7F99A0072ACDC /* AppDelegate.swift in Sources */,
				7FC9F5A721AEAE590078EE4A /* EntradasTVCell.swift in Sources */,
				7FFF97C521AC303C00CB693A /* Entrada.swift in Sources */,
				7FFF97C321AC2DF200CB693A /* EventosTVCell.swift in Sources */,
				7FC9F5A521AEA5F70078EE4A /* Evento.swift in Sources */,
				7F085EB921A81F0B0072ACDC /* MisEntradasTVC.swift in Sources */,
			);
			runOnlyForDeploymentPostprocessing = 0;
		};
/* End PBXSourcesBuildPhase section */

/* Begin PBXVariantGroup section */
		7F085E8B21A7F99B0072ACDC /* LaunchScreen.storyboard */ = {
			isa = PBXVariantGroup;
			children = (
				7F085E8C21A7F99B0072ACDC /* Base */,
			);
			name = LaunchScreen.storyboard;
			sourceTree = "<group>";
		};
		7FFF97BD21AC2C2900CB693A /* Main.storyboard */ = {
			isa = PBXVariantGroup;
			children = (
				7FFF97BE21AC2C2900CB693A /* Base */,
			);
			name = Main.storyboard;
			sourceTree = "<group>";
		};
/* End PBXVariantGroup section */

/* Begin XCBuildConfiguration section */
		7F085E8F21A7F99B0072ACDC /* Debug */ = {
			isa = XCBuildConfiguration;
			buildSettings = {
				ALWAYS_SEARCH_USER_PATHS = NO;
				CLANG_ANALYZER_NONNULL = YES;
				CLANG_ANALYZER_NUMBER_OBJECT_CONVERSION = YES_AGGRESSIVE;
				CLANG_CXX_LANGUAGE_STANDARD = "gnu++14";
				CLANG_CXX_LIBRARY = "libc++";
				CLANG_ENABLE_MODULES = YES;
				CLANG_ENABLE_OBJC_ARC = YES;
				CLANG_ENABLE_OBJC_WEAK = YES;
				CLANG_WARN_BLOCK_CAPTURE_AUTORELEASING = YES;
				CLANG_WARN_BOOL_CONVERSION = YES;
				CLANG_WARN_COMMA = YES;
				CLANG_WARN_CONSTANT_CONVERSION = YES;
				CLANG_WARN_DEPRECATED_OBJC_IMPLEMENTATIONS = YES;
				CLANG_WARN_DIRECT_OBJC_ISA_USAGE = YES_ERROR;
				CLANG_WARN_DOCUMENTATION_COMMENTS = YES;
				CLANG_WARN_EMPTY_BODY = YES;
				CLANG_WARN_ENUM_CONVERSION = YES;
				CLANG_WARN_INFINITE_RECURSION = YES;
				CLANG_WARN_INT_CONVERSION = YES;
				CLANG_WARN_NON_LITERAL_NULL_CONVERSION = YES;
				CLANG_WARN_OBJC_IMPLICIT_RETAIN_SELF = YES;
				CLANG_WARN_OBJC_LITERAL_CONVERSION = YES;
				CLANG_WARN_OBJC_ROOT_CLASS = YES_ERROR;
				CLANG_WARN_RANGE_LOOP_ANALYSIS = YES;
				CLANG_WARN_STRICT_PROTOTYPES = YES;
				CLANG_WARN_SUSPICIOUS_MOVE = YES;
				CLANG_WARN_UNGUARDED_AVAILABILITY = YES_AGGRESSIVE;
				CLANG_WARN_UNREACHABLE_CODE = YES;
				CLANG_WARN__DUPLICATE_METHOD_MATCH = YES;
				CODE_SIGN_IDENTITY = "iPhone Developer";
				COPY_PHASE_STRIP = NO;
				DEBUG_INFORMATION_FORMAT = dwarf;
				ENABLE_STRICT_OBJC_MSGSEND = YES;
				ENABLE_TESTABILITY = YES;
				GCC_C_LANGUAGE_STANDARD = gnu11;
				GCC_DYNAMIC_NO_PIC = NO;
				GCC_NO_COMMON_BLOCKS = YES;
				GCC_OPTIMIZATION_LEVEL = 0;
				GCC_PREPROCESSOR_DEFINITIONS = (
					"DEBUG=1",
					"$(inherited)",
				);
				GCC_WARN_64_TO_32_BIT_CONVERSION = YES;
				GCC_WARN_ABOUT_RETURN_TYPE = YES_ERROR;
				GCC_WARN_UNDECLARED_SELECTOR = YES;
				GCC_WARN_UNINITIALIZED_AUTOS = YES_AGGRESSIVE;
				GCC_WARN_UNUSED_FUNCTION = YES;
				GCC_WARN_UNUSED_VARIABLE = YES;
				IPHONEOS_DEPLOYMENT_TARGET = 11.4;
				MTL_ENABLE_DEBUG_INFO = YES;
				ONLY_ACTIVE_ARCH = YES;
				SDKROOT = iphoneos;
				SWIFT_ACTIVE_COMPILATION_CONDITIONS = DEBUG;
				SWIFT_OPTIMIZATION_LEVEL = "-Onone";
			};
			name = Debug;
		};
		7F085E9021A7F99B0072ACDC /* Release */ = {
			isa = XCBuildConfiguration;
			buildSettings = {
				ALWAYS_SEARCH_USER_PATHS = NO;
				CLANG_ANALYZER_NONNULL = YES;
				CLANG_ANALYZER_NUMBER_OBJECT_CONVERSION = YES_AGGRESSIVE;
				CLANG_CXX_LANGUAGE_STANDARD = "gnu++14";
				CLANG_CXX_LIBRARY = "libc++";
				CLANG_ENABLE_MODULES = YES;
				CLANG_ENABLE_OBJC_ARC = YES;
				CLANG_ENABLE_OBJC_WEAK = YES;
				CLANG_WARN_BLOCK_CAPTURE_AUTORELEASING = YES;
				CLANG_WARN_BOOL_CONVERSION = YES;
				CLANG_WARN_COMMA = YES;
				CLANG_WARN_CONSTANT_CONVERSION = YES;
				CLANG_WARN_DEPRECATED_OBJC_IMPLEMENTATIONS = YES;
				CLANG_WARN_DIRECT_OBJC_ISA_USAGE = YES_ERROR;
				CLANG_WARN_DOCUMENTATION_COMMENTS = YES;
				CLANG_WARN_EMPTY_BODY = YES;
				CLANG_WARN_ENUM_CONVERSION = YES;
				CLANG_WARN_INFINITE_RECURSION = YES;
				CLANG_WARN_INT_CONVERSION = YES;
				CLANG_WARN_NON_LITERAL_NULL_CONVERSION = YES;
				CLANG_WARN_OBJC_IMPLICIT_RETAIN_SELF = YES;
				CLANG_WARN_OBJC_LITERAL_CONVERSION = YES;
				CLANG_WARN_OBJC_ROOT_CLASS = YES_ERROR;
				CLANG_WARN_RANGE_LOOP_ANALYSIS = YES;
				CLANG_WARN_STRICT_PROTOTYPES = YES;
				CLANG_WARN_SUSPICIOUS_MOVE = YES;
				CLANG_WARN_UNGUARDED_AVAILABILITY = YES_AGGRESSIVE;
				CLANG_WARN_UNREACHABLE_CODE = YES;
				CLANG_WARN__DUPLICATE_METHOD_MATCH = YES;
				CODE_SIGN_IDENTITY = "iPhone Developer";
				COPY_PHASE_STRIP = NO;
				DEBUG_INFORMATION_FORMAT = "dwarf-with-dsym";
				ENABLE_NS_ASSERTIONS = NO;
				ENABLE_STRICT_OBJC_MSGSEND = YES;
				GCC_C_LANGUAGE_STANDARD = gnu11;
				GCC_NO_COMMON_BLOCKS = YES;
				GCC_WARN_64_TO_32_BIT_CONVERSION = YES;
				GCC_WARN_ABOUT_RETURN_TYPE = YES_ERROR;
				GCC_WARN_UNDECLARED_SELECTOR = YES;
				GCC_WARN_UNINITIALIZED_AUTOS = YES_AGGRESSIVE;
				GCC_WARN_UNUSED_FUNCTION = YES;
				GCC_WARN_UNUSED_VARIABLE = YES;
				IPHONEOS_DEPLOYMENT_TARGET = 11.4;
				MTL_ENABLE_DEBUG_INFO = NO;
				SDKROOT = iphoneos;
				SWIFT_COMPILATION_MODE = wholemodule;
				SWIFT_OPTIMIZATION_LEVEL = "-O";
				VALIDATE_PRODUCT = YES;
			};
			name = Release;
		};
		7F085E9221A7F99B0072ACDC /* Debug */ = {
			isa = XCBuildConfiguration;
			buildSettings = {
				ASSETCATALOG_COMPILER_APPICON_NAME = AppIcon;
				CODE_SIGN_STYLE = Automatic;
				INFOPLIST_FILE = VentaDeEntradas/Info.plist;
				LD_RUNPATH_SEARCH_PATHS = (
					"$(inherited)",
					"@executable_path/Frameworks",
				);
				PRODUCT_BUNDLE_IDENTIFIER = Sofia.VentaDeEntradas;
				PRODUCT_NAME = "$(TARGET_NAME)";
				SWIFT_VERSION = 4.0;
				TARGETED_DEVICE_FAMILY = "1,2";
			};
			name = Debug;
		};
		7F085E9321A7F99B0072ACDC /* Release */ = {
			isa = XCBuildConfiguration;
			buildSettings = {
				ASSETCATALOG_COMPILER_APPICON_NAME = AppIcon;
				CODE_SIGN_STYLE = Automatic;
				INFOPLIST_FILE = VentaDeEntradas/Info.plist;
				LD_RUNPATH_SEARCH_PATHS = (
					"$(inherited)",
					"@executable_path/Frameworks",
				);
				PRODUCT_BUNDLE_IDENTIFIER = Sofia.VentaDeEntradas;
				PRODUCT_NAME = "$(TARGET_NAME)";
				SWIFT_VERSION = 4.0;
				TARGETED_DEVICE_FAMILY = "1,2";
			};
			name = Release;
		};
/* End XCBuildConfiguration section */

/* Begin XCConfigurationList section */
		7F085E7A21A7F99A0072ACDC /* Build configuration list for PBXProject "VentaDeEntradas" */ = {
			isa = XCConfigurationList;
			buildConfigurations = (
				7F085E8F21A7F99B0072ACDC /* Debug */,
				7F085E9021A7F99B0072ACDC /* Release */,
			);
			defaultConfigurationIsVisible = 0;
			defaultConfigurationName = Release;
		};
		7F085E9121A7F99B0072ACDC /* Build configuration list for PBXNativeTarget "VentaDeEntradas" */ = {
			isa = XCConfigurationList;
			buildConfigurations = (
				7F085E9221A7F99B0072ACDC /* Debug */,
				7F085E9321A7F99B0072ACDC /* Release */,
			);
			defaultConfigurationIsVisible = 0;
			defaultConfigurationName = Release;
		};
/* End XCConfigurationList section */
	};
	rootObject = 7F085E7721A7F99A0072ACDC /* Project object */;
}
